
Microsoft Visual Studio Solution File, Format Version 12.00
# Visual Studio 15
VisualStudioVersion = 15.0.28307.106
MinimumVisualStudioVersion = 10.0.40219.1
Project("{FAE04EC0-301F-11D3-BF4B-00C04F79EFBC}") = "GetFileInformationFromBtwFile", "GetFileInformationFromBtwFile\GetFileInformationFromBtwFile.csproj", "{5787C66B-EF0F-45EC-B18A-8773BB5244AF}"
EndProject
Global
	GlobalSection(SolutionConfigurationPlatforms) = preSolution
		Debug|Any CPU = Debug|Any CPU
		Release|Any CPU = Release|Any CPU
	EndGlobalSection
	GlobalSection(ProjectConfigurationPlatforms) = postSolution
		{5787C66B-EF0F-45EC-B18A-8773BB5244AF}.Debug|Any CPU.ActiveCfg = Debug|Any CPU
		{5787C66B-EF0F-45EC-B18A-8773BB5244AF}.Debug|Any CPU.Build.0 = Debug|Any CPU
		{5787C66B-EF0F-45EC-B18A-8773BB5244AF}.Release|Any CPU.ActiveCfg = Release|Any CPU
		{5787C66B-EF0F-45EC-B18A-8773BB5244AF}.Release|Any CPU.Build.0 = Release|Any CPU
	EndGlobalSection
	GlobalSection(SolutionProperties) = preSolution
		HideSolutionNode = FALSE
	EndGlobalSection
	GlobalSection(ExtensibilityGlobals) = postSolution
		SolutionGuid = {AF67D4DE-C519-4ACF-8F5D-FD719669CFC2}
	EndGlobalSection
EndGlobal
